// !$*UTF8*$!
{
	archiveVersion = 1;
	classes = {
	};
	objectVersion = 50;
	objects = {

/* Begin PBXBuildFile section */
		D76AC063219180650005CDFB /* SpoofedTerminalObject.cpp in Sources */ = {isa = PBXBuildFile; fileRef = D76AC061219180650005CDFB /* SpoofedTerminalObject.cpp */; };
		D76AC066219182D90005CDFB /* Story.cpp in Sources */ = {isa = PBXBuildFile; fileRef = D76AC064219182D90005CDFB /* Story.cpp */; };
		D76AC0692191836A0005CDFB /* CoreMechanics.cpp in Sources */ = {isa = PBXBuildFile; fileRef = D76AC0672191836A0005CDFB /* CoreMechanics.cpp */; };
		D76AC06C219183910005CDFB /* User.cpp in Sources */ = {isa = PBXBuildFile; fileRef = D76AC06A219183910005CDFB /* User.cpp */; };
		D76AC0702192195A0005CDFB /* entitySchubert.cpp in Sources */ = {isa = PBXBuildFile; fileRef = D76AC06E2192195A0005CDFB /* entitySchubert.cpp */; };
		D76AC073219219770005CDFB /* gameEntity.cpp in Sources */ = {isa = PBXBuildFile; fileRef = D76AC071219219770005CDFB /* gameEntity.cpp */; };
		D7B74E5E218253A70087F56E /* adventure.cpp in Sources */ = {isa = PBXBuildFile; fileRef = D7B74E5D218253A70087F56E /* adventure.cpp */; };
/* End PBXBuildFile section */

/* Begin PBXCopyFilesBuildPhase section */
		D7B74E58218253A70087F56E /* CopyFiles */ = {
			isa = PBXCopyFilesBuildPhase;
			buildActionMask = 2147483647;
			dstPath = /usr/share/man/man1/;
			dstSubfolderSpec = 0;
			files = (
			);
			runOnlyForDeploymentPostprocessing = 1;
		};
/* End PBXCopyFilesBuildPhase section */

/* Begin PBXFileReference section */
		D76AC061219180650005CDFB /* SpoofedTerminalObject.cpp */ = {isa = PBXFileReference; lastKnownFileType = sourcecode.cpp.cpp; path = SpoofedTerminalObject.cpp; sourceTree = "<group>"; };
		D76AC062219180650005CDFB /* SpoofedTerminalObject.h */ = {isa = PBXFileReference; lastKnownFileType = sourcecode.c.h; path = SpoofedTerminalObject.h; sourceTree = "<group>"; };
		D76AC064219182D90005CDFB /* Story.cpp */ = {isa = PBXFileReference; lastKnownFileType = sourcecode.cpp.cpp; path = Story.cpp; sourceTree = "<group>"; };
		D76AC065219182D90005CDFB /* Story.h */ = {isa = PBXFileReference; lastKnownFileType = sourcecode.c.h; path = Story.h; sourceTree = "<group>"; };
		D76AC0672191836A0005CDFB /* CoreMechanics.cpp */ = {isa = PBXFileReference; lastKnownFileType = sourcecode.cpp.cpp; path = CoreMechanics.cpp; sourceTree = "<group>"; };
		D76AC0682191836A0005CDFB /* CoreMechanics.h */ = {isa = PBXFileReference; lastKnownFileType = sourcecode.c.h; path = CoreMechanics.h; sourceTree = "<group>"; };
		D76AC06A219183910005CDFB /* User.cpp */ = {isa = PBXFileReference; lastKnownFileType = sourcecode.cpp.cpp; path = User.cpp; sourceTree = "<group>"; };
		D76AC06B219183910005CDFB /* User.h */ = {isa = PBXFileReference; lastKnownFileType = sourcecode.c.h; path = User.h; sourceTree = "<group>"; };
		D76AC06E2192195A0005CDFB /* entitySchubert.cpp */ = {isa = PBXFileReference; lastKnownFileType = sourcecode.cpp.cpp; path = entitySchubert.cpp; sourceTree = "<group>"; };
		D76AC06F2192195A0005CDFB /* entitySchubert.h */ = {isa = PBXFileReference; lastKnownFileType = sourcecode.c.h; path = entitySchubert.h; sourceTree = "<group>"; };
		D76AC071219219770005CDFB /* gameEntity.cpp */ = {isa = PBXFileReference; lastKnownFileType = sourcecode.cpp.cpp; path = gameEntity.cpp; sourceTree = "<group>"; };
		D76AC072219219770005CDFB /* gameEntity.h */ = {isa = PBXFileReference; lastKnownFileType = sourcecode.c.h; path = gameEntity.h; sourceTree = "<group>"; };
		D7B74E5A218253A70087F56E /* TermianlSchubert */ = {isa = PBXFileReference; explicitFileType = "compiled.mach-o.executable"; includeInIndex = 0; path = TermianlSchubert; sourceTree = BUILT_PRODUCTS_DIR; };
		D7B74E5D218253A70087F56E /* adventure.cpp */ = {isa = PBXFileReference; lastKnownFileType = sourcecode.cpp.cpp; path = adventure.cpp; sourceTree = "<group>"; };
/* End PBXFileReference section */

/* Begin PBXFrameworksBuildPhase section */
		D7B74E57218253A70087F56E /* Frameworks */ = {
			isa = PBXFrameworksBuildPhase;
			buildActionMask = 2147483647;
			files = (
			);
			runOnlyForDeploymentPostprocessing = 0;
		};
/* End PBXFrameworksBuildPhase section */

/* Begin PBXGroup section */
		D7B74E51218253A70087F56E = {
			isa = PBXGroup;
			children = (
				D7B74E5C218253A70087F56E /* TermianlSchubert */,
				D7B74E5B218253A70087F56E /* Products */,
			);
			sourceTree = "<group>";
		};
		D7B74E5B218253A70087F56E /* Products */ = {
			isa = PBXGroup;
			children = (
				D7B74E5A218253A70087F56E /* TermianlSchubert */,
			);
			name = Products;
			sourceTree = "<group>";
		};
		D7B74E5C218253A70087F56E /* TermianlSchubert */ = {
			isa = PBXGroup;
			children = (
				D7B74E5D218253A70087F56E /* adventure.cpp */,
				D76AC061219180650005CDFB /* SpoofedTerminalObject.cpp */,
				D76AC062219180650005CDFB /* SpoofedTerminalObject.h */,
				D76AC064219182D90005CDFB /* Story.cpp */,
				D76AC065219182D90005CDFB /* Story.h */,
				D76AC0672191836A0005CDFB /* CoreMechanics.cpp */,
				D76AC0682191836A0005CDFB /* CoreMechanics.h */,
				D76AC06A219183910005CDFB /* User.cpp */,
				D76AC06B219183910005CDFB /* User.h */,
				D76AC06E2192195A0005CDFB /* entitySchubert.cpp */,
				D76AC06F2192195A0005CDFB /* entitySchubert.h */,
				D76AC071219219770005CDFB /* gameEntity.cpp */,
				D76AC072219219770005CDFB /* gameEntity.h */,
			);
			path = TermianlSchubert;
			sourceTree = "<group>";
		};
/* End PBXGroup section */

/* Begin PBXNativeTarget section */
		D7B74E59218253A70087F56E /* TermianlSchubert */ = {
			isa = PBXNativeTarget;
			buildConfigurationList = D7B74E61218253A70087F56E /* Build configuration list for PBXNativeTarget "TermianlSchubert" */;
			buildPhases = (
				D7B74E56218253A70087F56E /* Sources */,
				D7B74E57218253A70087F56E /* Frameworks */,
				D7B74E58218253A70087F56E /* CopyFiles */,
			);
			buildRules = (
			);
			dependencies = (
			);
			name = TermianlSchubert;
			productName = TermianlSchubert;
			productReference = D7B74E5A218253A70087F56E /* TermianlSchubert */;
			productType = "com.apple.product-type.tool";
		};
/* End PBXNativeTarget section */

/* Begin PBXProject section */
		D7B74E52218253A70087F56E /* Project object */ = {
			isa = PBXProject;
			attributes = {
				LastUpgradeCheck = 1000;
				ORGANIZATIONNAME = "Cristian villanueva";
				TargetAttributes = {
					D7B74E59218253A70087F56E = {
						CreatedOnToolsVersion = 10.0;
					};
				};
			};
			buildConfigurationList = D7B74E55218253A70087F56E /* Build configuration list for PBXProject "TermianlSchubert" */;
			compatibilityVersion = "Xcode 9.3";
			developmentRegion = en;
			hasScannedForEncodings = 0;
			knownRegions = (
				en,
			);
			mainGroup = D7B74E51218253A70087F56E;
			productRefGroup = D7B74E5B218253A70087F56E /* Products */;
			projectDirPath = "";
			projectRoot = "";
			targets = (
				D7B74E59218253A70087F56E /* TermianlSchubert */,
			);
		};
/* End PBXProject section */

/* Begin PBXSourcesBuildPhase section */
		D7B74E56218253A70087F56E /* Sources */ = {
			isa = PBXSourcesBuildPhase;
			buildActionMask = 2147483647;
			files = (
				D7B74E5E218253A70087F56E /* adventure.cpp in Sources */,
				D76AC063219180650005CDFB /* SpoofedTerminalObject.cpp in Sources */,
				D76AC0692191836A0005CDFB /* CoreMechanics.cpp in Sources */,
				D76AC066219182D90005CDFB /* Story.cpp in Sources */,
				D76AC0702192195A0005CDFB /* entitySchubert.cpp in Sources */,
				D76AC073219219770005CDFB /* gameEntity.cpp in Sources */,
				D76AC06C219183910005CDFB /* User.cpp in Sources */,
			);
			runOnlyForDeploymentPostprocessing = 0;
		};
/* End PBXSourcesBuildPhase section */

/* Begin XCBuildConfiguration section */
		D7B74E5F218253A70087F56E /* Debug */ = {
			isa = XCBuildConfiguration;
			buildSettings = {
				ALWAYS_SEARCH_USER_PATHS = NO;
				CLANG_ANALYZER_NONNULL = YES;
				CLANG_ANALYZER_NUMBER_OBJECT_CONVERSION = YES_AGGRESSIVE;
				CLANG_CXX_LANGUAGE_STANDARD = "gnu++14";
				CLANG_CXX_LIBRARY = "libc++";
				CLANG_ENABLE_MODULES = YES;
				CLANG_ENABLE_OBJC_ARC = YES;
				CLANG_ENABLE_OBJC_WEAK = YES;
				CLANG_WARN_BLOCK_CAPTURE_AUTORELEASING = YES;
				CLANG_WARN_BOOL_CONVERSION = YES;
				CLANG_WARN_COMMA = YES;
				CLANG_WARN_CONSTANT_CONVERSION = YES;
				CLANG_WARN_DEPRECATED_OBJC_IMPLEMENTATIONS = YES;
				CLANG_WARN_DIRECT_OBJC_ISA_USAGE = YES_ERROR;
				CLANG_WARN_DOCUMENTATION_COMMENTS = YES;
				CLANG_WARN_EMPTY_BODY = YES;
				CLANG_WARN_ENUM_CONVERSION = YES;
				CLANG_WARN_INFINITE_RECURSION = YES;
				CLANG_WARN_INT_CONVERSION = YES;
				CLANG_WARN_NON_LITERAL_NULL_CONVERSION = YES;
				CLANG_WARN_OBJC_IMPLICIT_RETAIN_SELF = YES;
				CLANG_WARN_OBJC_LITERAL_CONVERSION = YES;
				CLANG_WARN_OBJC_ROOT_CLASS = YES_ERROR;
				CLANG_WARN_RANGE_LOOP_ANALYSIS = YES;
				CLANG_WARN_STRICT_PROTOTYPES = YES;
				CLANG_WARN_SUSPICIOUS_MOVE = YES;
				CLANG_WARN_UNGUARDED_AVAILABILITY = YES_AGGRESSIVE;
				CLANG_WARN_UNREACHABLE_CODE = YES;
				CLANG_WARN__DUPLICATE_METHOD_MATCH = YES;
				CODE_SIGN_IDENTITY = "Mac Developer";
				COPY_PHASE_STRIP = NO;
				DEBUG_INFORMATION_FORMAT = dwarf;
				ENABLE_STRICT_OBJC_MSGSEND = YES;
				ENABLE_TESTABILITY = YES;
				GCC_C_LANGUAGE_STANDARD = gnu11;
				GCC_DYNAMIC_NO_PIC = NO;
				GCC_NO_COMMON_BLOCKS = YES;
				GCC_OPTIMIZATION_LEVEL = 0;
				GCC_PREPROCESSOR_DEFINITIONS = (
					"DEBUG=1",
					"$(inherited)",
				);
				GCC_WARN_64_TO_32_BIT_CONVERSION = YES;
				GCC_WARN_ABOUT_RETURN_TYPE = YES_ERROR;
				GCC_WARN_UNDECLARED_SELECTOR = YES;
				GCC_WARN_UNINITIALIZED_AUTOS = YES_AGGRESSIVE;
				GCC_WARN_UNUSED_FUNCTION = YES;
				GCC_WARN_UNUSED_VARIABLE = YES;
				MACOSX_DEPLOYMENT_TARGET = 10.14;
				MTL_ENABLE_DEBUG_INFO = INCLUDE_SOURCE;
				MTL_FAST_MATH = YES;
				ONLY_ACTIVE_ARCH = YES;
				SDKROOT = macosx;
			};
			name = Debug;
		};
		D7B74E60218253A70087F56E /* Release */ = {
			isa = XCBuildConfiguration;
			buildSettings = {
				ALWAYS_SEARCH_USER_PATHS = NO;
				CLANG_ANALYZER_NONNULL = YES;
				CLANG_ANALYZER_NUMBER_OBJECT_CONVERSION = YES_AGGRESSIVE;
				CLANG_CXX_LANGUAGE_STANDARD = "gnu++14";
				CLANG_CXX_LIBRARY = "libc++";
				CLANG_ENABLE_MODULES = YES;
				CLANG_ENABLE_OBJC_ARC = YES;
				CLANG_ENABLE_OBJC_WEAK = YES;
				CLANG_WARN_BLOCK_CAPTURE_AUTORELEASING = YES;
				CLANG_WARN_BOOL_CONVERSION = YES;
				CLANG_WARN_COMMA = YES;
				CLANG_WARN_CONSTANT_CONVERSION = YES;
				CLANG_WARN_DEPRECATED_OBJC_IMPLEMENTATIONS = YES;
				CLANG_WARN_DIRECT_OBJC_ISA_USAGE = YES_ERROR;
				CLANG_WARN_DOCUMENTATION_COMMENTS = YES;
				CLANG_WARN_EMPTY_BODY = YES;
				CLANG_WARN_ENUM_CONVERSION = YES;
				CLANG_WARN_INFINITE_RECURSION = YES;
				CLANG_WARN_INT_CONVERSION = YES;
				CLANG_WARN_NON_LITERAL_NULL_CONVERSION = YES;
				CLANG_WARN_OBJC_IMPLICIT_RETAIN_SELF = YES;
				CLANG_WARN_OBJC_LITERAL_CONVERSION = YES;
				CLANG_WARN_OBJC_ROOT_CLASS = YES_ERROR;
				CLANG_WARN_RANGE_LOOP_ANALYSIS = YES;
				CLANG_WARN_STRICT_PROTOTYPES = YES;
				CLANG_WARN_SUSPICIOUS_MOVE = YES;
				CLANG_WARN_UNGUARDED_AVAILABILITY = YES_AGGRESSIVE;
				CLANG_WARN_UNREACHABLE_CODE = YES;
				CLANG_WARN__DUPLICATE_METHOD_MATCH = YES;
				CODE_SIGN_IDENTITY = "Mac Developer";
				COPY_PHASE_STRIP = NO;
				DEBUG_INFORMATION_FORMAT = "dwarf-with-dsym";
				ENABLE_NS_ASSERTIONS = NO;
				ENABLE_STRICT_OBJC_MSGSEND = YES;
				GCC_C_LANGUAGE_STANDARD = gnu11;
				GCC_NO_COMMON_BLOCKS = YES;
				GCC_WARN_64_TO_32_BIT_CONVERSION = YES;
				GCC_WARN_ABOUT_RETURN_TYPE = YES_ERROR;
				GCC_WARN_UNDECLARED_SELECTOR = YES;
				GCC_WARN_UNINITIALIZED_AUTOS = YES_AGGRESSIVE;
				GCC_WARN_UNUSED_FUNCTION = YES;
				GCC_WARN_UNUSED_VARIABLE = YES;
				MACOSX_DEPLOYMENT_TARGET = 10.14;
				MTL_ENABLE_DEBUG_INFO = NO;
				MTL_FAST_MATH = YES;
				SDKROOT = macosx;
			};
			name = Release;
		};
		D7B74E62218253A70087F56E /* Debug */ = {
			isa = XCBuildConfiguration;
			buildSettings = {
				CODE_SIGN_STYLE = Automatic;
				DEVELOPMENT_TEAM = 3SH8QRY234;
				PRODUCT_NAME = "$(TARGET_NAME)";
			};
			name = Debug;
		};
		D7B74E63218253A70087F56E /* Release */ = {
			isa = XCBuildConfiguration;
			buildSettings = {
				CODE_SIGN_STYLE = Automatic;
				DEVELOPMENT_TEAM = 3SH8QRY234;
				PRODUCT_NAME = "$(TARGET_NAME)";
			};
			name = Release;
		};
/* End XCBuildConfiguration section */

/* Begin XCConfigurationList section */
		D7B74E55218253A70087F56E /* Build configuration list for PBXProject "TermianlSchubert" */ = {
			isa = XCConfigurationList;
			buildConfigurations = (
				D7B74E5F218253A70087F56E /* Debug */,
				D7B74E60218253A70087F56E /* Release */,
			);
			defaultConfigurationIsVisible = 0;
			defaultConfigurationName = Release;
		};
		D7B74E61218253A70087F56E /* Build configuration list for PBXNativeTarget "TermianlSchubert" */ = {
			isa = XCConfigurationList;
			buildConfigurations = (
				D7B74E62218253A70087F56E /* Debug */,
				D7B74E63218253A70087F56E /* Release */,
			);
			defaultConfigurationIsVisible = 0;
			defaultConfigurationName = Release;
		};
/* End XCConfigurationList section */
	};
	rootObject = D7B74E52218253A70087F56E /* Project object */;
}
